
Microsoft Visual Studio Solution File, Format Version 12.00
# Visual Studio Version 17
VisualStudioVersion = 17.6.33723.286
MinimumVisualStudioVersion = 10.0.40219.1
Project("{FAE04EC0-301F-11D3-BF4B-00C04F79EFBC}") = "TimerTrigger", "TimerTrigger\TimerTrigger.csproj", "{8C0CA762-2513-46FD-9476-15690427F0ED}"
EndProject
Project("{FAE04EC0-301F-11D3-BF4B-00C04F79EFBC}") = "TimerTriggerDemo", "TimerTriggerDemo\TimerTriggerDemo.csproj", "{876390D8-FA66-4982-8FE6-3B3B16CD6A7A}"
EndProject
Global
	GlobalSection(SolutionConfigurationPlatforms) = preSolution
		Debug|Any CPU = Debug|Any CPU
		Release|Any CPU = Release|Any CPU
	EndGlobalSection
	GlobalSection(ProjectConfigurationPlatforms) = postSolution
		{8C0CA762-2513-46FD-9476-15690427F0ED}.Debug|Any CPU.ActiveCfg = Debug|Any CPU
		{8C0CA762-2513-46FD-9476-15690427F0ED}.Debug|Any CPU.Build.0 = Debug|Any CPU
		{8C0CA762-2513-46FD-9476-15690427F0ED}.Release|Any CPU.ActiveCfg = Release|Any CPU
		{8C0CA762-2513-46FD-9476-15690427F0ED}.Release|Any CPU.Build.0 = Release|Any CPU
		{876390D8-FA66-4982-8FE6-3B3B16CD6A7A}.Debug|Any CPU.ActiveCfg = Debug|Any CPU
		{876390D8-FA66-4982-8FE6-3B3B16CD6A7A}.Debug|Any CPU.Build.0 = Debug|Any CPU
		{876390D8-FA66-4982-8FE6-3B3B16CD6A7A}.Release|Any CPU.ActiveCfg = Release|Any CPU
		{876390D8-FA66-4982-8FE6-3B3B16CD6A7A}.Release|Any CPU.Build.0 = Release|Any CPU
	EndGlobalSection
	GlobalSection(SolutionProperties) = preSolution
		HideSolutionNode = FALSE
	EndGlobalSection
	GlobalSection(ExtensibilityGlobals) = postSolution
		SolutionGuid = {4F99CD77-9B77-45CD-8523-67602456D341}
	EndGlobalSection
EndGlobal
